
Microsoft Visual Studio Solution File, Format Version 12.00
# Visual Studio Version 16
VisualStudioVersion = 16.0.30028.174
MinimumVisualStudioVersion = 10.0.40219.1
Project("{FAE04EC0-301F-11D3-BF4B-00C04F79EFBC}") = "SpellNumber", "SpellNumber\SpellNumber.csproj", "{1DB5AFFD-DA80-48A4-8523-2FA9B98E2FEC}"
EndProject
Project("{FAE04EC0-301F-11D3-BF4B-00C04F79EFBC}") = "NUnitTestSpellNumber", "NUnitTestSpellNumber\NUnitTestSpellNumber.csproj", "{F6AEF2C3-57DF-431B-8A64-E0300A255568}"
EndProject
Project("{FAE04EC0-301F-11D3-BF4B-00C04F79EFBC}") = "ClassLibrarySpellNumber", "ClassLibrarySpellNumber\ClassLibrarySpellNumber.csproj", "{7DE65F92-78D7-4E97-87ED-058AB8F9FA5C}"
EndProject
Global
	GlobalSection(SolutionConfigurationPlatforms) = preSolution
		Debug|Any CPU = Debug|Any CPU
		Release|Any CPU = Release|Any CPU
	EndGlobalSection
	GlobalSection(ProjectConfigurationPlatforms) = postSolution
		{1DB5AFFD-DA80-48A4-8523-2FA9B98E2FEC}.Debug|Any CPU.ActiveCfg = Debug|Any CPU
		{1DB5AFFD-DA80-48A4-8523-2FA9B98E2FEC}.Debug|Any CPU.Build.0 = Debug|Any CPU
		{1DB5AFFD-DA80-48A4-8523-2FA9B98E2FEC}.Release|Any CPU.ActiveCfg = Release|Any CPU
		{1DB5AFFD-DA80-48A4-8523-2FA9B98E2FEC}.Release|Any CPU.Build.0 = Release|Any CPU
		{F6AEF2C3-57DF-431B-8A64-E0300A255568}.Debug|Any CPU.ActiveCfg = Debug|Any CPU
		{F6AEF2C3-57DF-431B-8A64-E0300A255568}.Debug|Any CPU.Build.0 = Debug|Any CPU
		{F6AEF2C3-57DF-431B-8A64-E0300A255568}.Release|Any CPU.ActiveCfg = Release|Any CPU
		{F6AEF2C3-57DF-431B-8A64-E0300A255568}.Release|Any CPU.Build.0 = Release|Any CPU
		{7DE65F92-78D7-4E97-87ED-058AB8F9FA5C}.Debug|Any CPU.ActiveCfg = Debug|Any CPU
		{7DE65F92-78D7-4E97-87ED-058AB8F9FA5C}.Debug|Any CPU.Build.0 = Debug|Any CPU
		{7DE65F92-78D7-4E97-87ED-058AB8F9FA5C}.Release|Any CPU.ActiveCfg = Release|Any CPU
		{7DE65F92-78D7-4E97-87ED-058AB8F9FA5C}.Release|Any CPU.Build.0 = Release|Any CPU
	EndGlobalSection
	GlobalSection(SolutionProperties) = preSolution
		HideSolutionNode = FALSE
	EndGlobalSection
	GlobalSection(ExtensibilityGlobals) = postSolution
		SolutionGuid = {71B31CC2-252A-446A-A4D2-A4E720B8A141}
	EndGlobalSection
EndGlobal
